// !$*UTF8*$!
{
	archiveVersion = 1;
	classes = {
	};
	objectVersion = 50;
	objects = {

/* Begin PBXBuildFile section */
		1CAFFEAD254FF1400010DC34 /* AppDelegate.swift in Sources */ = {isa = PBXBuildFile; fileRef = 1CAFFEAC254FF1400010DC34 /* AppDelegate.swift */; };
		1CAFFEAF254FF1400010DC34 /* SceneDelegate.swift in Sources */ = {isa = PBXBuildFile; fileRef = 1CAFFEAE254FF1400010DC34 /* SceneDelegate.swift */; };
		1CAFFEB1254FF1400010DC34 /* ViewController.swift in Sources */ = {isa = PBXBuildFile; fileRef = 1CAFFEB0254FF1400010DC34 /* ViewController.swift */; };
		1CAFFEB4254FF1400010DC34 /* Main.storyboard in Resources */ = {isa = PBXBuildFile; fileRef = 1CAFFEB2254FF1400010DC34 /* Main.storyboard */; };
		1CAFFEB6254FF1430010DC34 /* Assets.xcassets in Resources */ = {isa = PBXBuildFile; fileRef = 1CAFFEB5254FF1430010DC34 /* Assets.xcassets */; };
		1CAFFEB9254FF1430010DC34 /* LaunchScreen.storyboard in Resources */ = {isa = PBXBuildFile; fileRef = 1CAFFEB7254FF1430010DC34 /* LaunchScreen.storyboard */; };
		1CAFFEC4254FF1430010DC34 /* DiceRollerTests.swift in Sources */ = {isa = PBXBuildFile; fileRef = 1CAFFEC3254FF1430010DC34 /* DiceRollerTests.swift */; };
		1CAFFECF254FF1430010DC34 /* DiceRollerUITests.swift in Sources */ = {isa = PBXBuildFile; fileRef = 1CAFFECE254FF1430010DC34 /* DiceRollerUITests.swift */; };
		1CAFFEE32550B0280010DC34 /* failwah.mp3 in Resources */ = {isa = PBXBuildFile; fileRef = 1CAFFEDF2550B0280010DC34 /* failwah.mp3 */; };
		1CAFFEE42550B0280010DC34 /* rolldice.mp3 in Resources */ = {isa = PBXBuildFile; fileRef = 1CAFFEE02550B0280010DC34 /* rolldice.mp3 */; };
		1CAFFEE52550B0280010DC34 /* torpedo.mp3 in Resources */ = {isa = PBXBuildFile; fileRef = 1CAFFEE12550B0280010DC34 /* torpedo.mp3 */; };
		1CAFFEE62550B0280010DC34 /* zfanfare.mp3 in Resources */ = {isa = PBXBuildFile; fileRef = 1CAFFEE22550B0280010DC34 /* zfanfare.mp3 */; };
/* End PBXBuildFile section */

/* Begin PBXContainerItemProxy section */
		1CAFFEC0254FF1430010DC34 /* PBXContainerItemProxy */ = {
			isa = PBXContainerItemProxy;
			containerPortal = 1CAFFEA1254FF1400010DC34 /* Project object */;
			proxyType = 1;
			remoteGlobalIDString = 1CAFFEA8254FF1400010DC34;
			remoteInfo = DiceRoller;
		};
		1CAFFECB254FF1430010DC34 /* PBXContainerItemProxy */ = {
			isa = PBXContainerItemProxy;
			containerPortal = 1CAFFEA1254FF1400010DC34 /* Project object */;
			proxyType = 1;
			remoteGlobalIDString = 1CAFFEA8254FF1400010DC34;
			remoteInfo = DiceRoller;
		};
/* End PBXContainerItemProxy section */

/* Begin PBXFileReference section */
		1CAFFEA9254FF1400010DC34 /* DiceRoller.app */ = {isa = PBXFileReference; explicitFileType = wrapper.application; includeInIndex = 0; path = DiceRoller.app; sourceTree = BUILT_PRODUCTS_DIR; };
		1CAFFEAC254FF1400010DC34 /* AppDelegate.swift */ = {isa = PBXFileReference; lastKnownFileType = sourcecode.swift; path = AppDelegate.swift; sourceTree = "<group>"; };
		1CAFFEAE254FF1400010DC34 /* SceneDelegate.swift */ = {isa = PBXFileReference; lastKnownFileType = sourcecode.swift; path = SceneDelegate.swift; sourceTree = "<group>"; };
		1CAFFEB0254FF1400010DC34 /* ViewController.swift */ = {isa = PBXFileReference; lastKnownFileType = sourcecode.swift; path = ViewController.swift; sourceTree = "<group>"; };
		1CAFFEB3254FF1400010DC34 /* Base */ = {isa = PBXFileReference; lastKnownFileType = file.storyboard; name = Base; path = Base.lproj/Main.storyboard; sourceTree = "<group>"; };
		1CAFFEB5254FF1430010DC34 /* Assets.xcassets */ = {isa = PBXFileReference; lastKnownFileType = folder.assetcatalog; path = Assets.xcassets; sourceTree = "<group>"; };
		1CAFFEB8254FF1430010DC34 /* Base */ = {isa = PBXFileReference; lastKnownFileType = file.storyboard; name = Base; path = Base.lproj/LaunchScreen.storyboard; sourceTree = "<group>"; };
		1CAFFEBA254FF1430010DC34 /* Info.plist */ = {isa = PBXFileReference; lastKnownFileType = text.plist.xml; path = Info.plist; sourceTree = "<group>"; };
		1CAFFEBF254FF1430010DC34 /* DiceRollerTests.xctest */ = {isa = PBXFileReference; explicitFileType = wrapper.cfbundle; includeInIndex = 0; path = DiceRollerTests.xctest; sourceTree = BUILT_PRODUCTS_DIR; };
		1CAFFEC3254FF1430010DC34 /* DiceRollerTests.swift */ = {isa = PBXFileReference; lastKnownFileType = sourcecode.swift; path = DiceRollerTests.swift; sourceTree = "<group>"; };
		1CAFFEC5254FF1430010DC34 /* Info.plist */ = {isa = PBXFileReference; lastKnownFileType = text.plist.xml; path = Info.plist; sourceTree = "<group>"; };
		1CAFFECA254FF1430010DC34 /* DiceRollerUITests.xctest */ = {isa = PBXFileReference; explicitFileType = wrapper.cfbundle; includeInIndex = 0; path = DiceRollerUITests.xctest; sourceTree = BUILT_PRODUCTS_DIR; };
		1CAFFECE254FF1430010DC34 /* DiceRollerUITests.swift */ = {isa = PBXFileReference; lastKnownFileType = sourcecode.swift; path = DiceRollerUITests.swift; sourceTree = "<group>"; };
		1CAFFED0254FF1430010DC34 /* Info.plist */ = {isa = PBXFileReference; lastKnownFileType = text.plist.xml; path = Info.plist; sourceTree = "<group>"; };
		1CAFFEDF2550B0280010DC34 /* failwah.mp3 */ = {isa = PBXFileReference; lastKnownFileType = audio.mp3; path = failwah.mp3; sourceTree = "<group>"; };
		1CAFFEE02550B0280010DC34 /* rolldice.mp3 */ = {isa = PBXFileReference; lastKnownFileType = audio.mp3; path = rolldice.mp3; sourceTree = "<group>"; };
		1CAFFEE12550B0280010DC34 /* torpedo.mp3 */ = {isa = PBXFileReference; lastKnownFileType = audio.mp3; path = torpedo.mp3; sourceTree = "<group>"; };
		1CAFFEE22550B0280010DC34 /* zfanfare.mp3 */ = {isa = PBXFileReference; lastKnownFileType = audio.mp3; path = zfanfare.mp3; sourceTree = "<group>"; };
/* End PBXFileReference section */

/* Begin PBXFrameworksBuildPhase section */
		1CAFFEA6254FF1400010DC34 /* Frameworks */ = {
			isa = PBXFrameworksBuildPhase;
			buildActionMask = 2147483647;
			files = (
			);
			runOnlyForDeploymentPostprocessing = 0;
		};
		1CAFFEBC254FF1430010DC34 /* Frameworks */ = {
			isa = PBXFrameworksBuildPhase;
			buildActionMask = 2147483647;
			files = (
			);
			runOnlyForDeploymentPostprocessing = 0;
		};
		1CAFFEC7254FF1430010DC34 /* Frameworks */ = {
			isa = PBXFrameworksBuildPhase;
			buildActionMask = 2147483647;
			files = (
			);
			runOnlyForDeploymentPostprocessing = 0;
		};
/* End PBXFrameworksBuildPhase section */

/* Begin PBXGroup section */
		1CAFFEA0254FF1400010DC34 = {
			isa = PBXGroup;
			children = (
				1CAFFEAB254FF1400010DC34 /* DiceRoller */,
				1CAFFEC2254FF1430010DC34 /* DiceRollerTests */,
				1CAFFECD254FF1430010DC34 /* DiceRollerUITests */,
				1CAFFEAA254FF1400010DC34 /* Products */,
			);
			sourceTree = "<group>";
		};
		1CAFFEAA254FF1400010DC34 /* Products */ = {
			isa = PBXGroup;
			children = (
				1CAFFEA9254FF1400010DC34 /* DiceRoller.app */,
				1CAFFEBF254FF1430010DC34 /* DiceRollerTests.xctest */,
				1CAFFECA254FF1430010DC34 /* DiceRollerUITests.xctest */,
			);
			name = Products;
			sourceTree = "<group>";
		};
		1CAFFEAB254FF1400010DC34 /* DiceRoller */ = {
			isa = PBXGroup;
			children = (
				1CAFFEDF2550B0280010DC34 /* failwah.mp3 */,
				1CAFFEE02550B0280010DC34 /* rolldice.mp3 */,
				1CAFFEE12550B0280010DC34 /* torpedo.mp3 */,
				1CAFFEE22550B0280010DC34 /* zfanfare.mp3 */,
				1CAFFEAC254FF1400010DC34 /* AppDelegate.swift */,
				1CAFFEAE254FF1400010DC34 /* SceneDelegate.swift */,
				1CAFFEB0254FF1400010DC34 /* ViewController.swift */,
				1CAFFEB2254FF1400010DC34 /* Main.storyboard */,
				1CAFFEB5254FF1430010DC34 /* Assets.xcassets */,
				1CAFFEB7254FF1430010DC34 /* LaunchScreen.storyboard */,
				1CAFFEBA254FF1430010DC34 /* Info.plist */,
			);
			path = DiceRoller;
			sourceTree = "<group>";
		};
		1CAFFEC2254FF1430010DC34 /* DiceRollerTests */ = {
			isa = PBXGroup;
			children = (
				1CAFFEC3254FF1430010DC34 /* DiceRollerTests.swift */,
				1CAFFEC5254FF1430010DC34 /* Info.plist */,
			);
			path = DiceRollerTests;
			sourceTree = "<group>";
		};
		1CAFFECD254FF1430010DC34 /* DiceRollerUITests */ = {
			isa = PBXGroup;
			children = (
				1CAFFECE254FF1430010DC34 /* DiceRollerUITests.swift */,
				1CAFFED0254FF1430010DC34 /* Info.plist */,
			);
			path = DiceRollerUITests;
			sourceTree = "<group>";
		};
/* End PBXGroup section */

/* Begin PBXNativeTarget section */
		1CAFFEA8254FF1400010DC34 /* DiceRoller */ = {
			isa = PBXNativeTarget;
			buildConfigurationList = 1CAFFED3254FF1430010DC34 /* Build configuration list for PBXNativeTarget "DiceRoller" */;
			buildPhases = (
				1CAFFEA5254FF1400010DC34 /* Sources */,
				1CAFFEA6254FF1400010DC34 /* Frameworks */,
				1CAFFEA7254FF1400010DC34 /* Resources */,
			);
			buildRules = (
			);
			dependencies = (
			);
			name = DiceRoller;
			productName = DiceRoller;
			productReference = 1CAFFEA9254FF1400010DC34 /* DiceRoller.app */;
			productType = "com.apple.product-type.application";
		};
		1CAFFEBE254FF1430010DC34 /* DiceRollerTests */ = {
			isa = PBXNativeTarget;
			buildConfigurationList = 1CAFFED6254FF1430010DC34 /* Build configuration list for PBXNativeTarget "DiceRollerTests" */;
			buildPhases = (
				1CAFFEBB254FF1430010DC34 /* Sources */,
				1CAFFEBC254FF1430010DC34 /* Frameworks */,
				1CAFFEBD254FF1430010DC34 /* Resources */,
			);
			buildRules = (
			);
			dependencies = (
				1CAFFEC1254FF1430010DC34 /* PBXTargetDependency */,
			);
			name = DiceRollerTests;
			productName = DiceRollerTests;
			productReference = 1CAFFEBF254FF1430010DC34 /* DiceRollerTests.xctest */;
			productType = "com.apple.product-type.bundle.unit-test";
		};
		1CAFFEC9254FF1430010DC34 /* DiceRollerUITests */ = {
			isa = PBXNativeTarget;
			buildConfigurationList = 1CAFFED9254FF1430010DC34 /* Build configuration list for PBXNativeTarget "DiceRollerUITests" */;
			buildPhases = (
				1CAFFEC6254FF1430010DC34 /* Sources */,
				1CAFFEC7254FF1430010DC34 /* Frameworks */,
				1CAFFEC8254FF1430010DC34 /* Resources */,
			);
			buildRules = (
			);
			dependencies = (
				1CAFFECC254FF1430010DC34 /* PBXTargetDependency */,
			);
			name = DiceRollerUITests;
			productName = DiceRollerUITests;
			productReference = 1CAFFECA254FF1430010DC34 /* DiceRollerUITests.xctest */;
			productType = "com.apple.product-type.bundle.ui-testing";
		};
/* End PBXNativeTarget section */

/* Begin PBXProject section */
		1CAFFEA1254FF1400010DC34 /* Project object */ = {
			isa = PBXProject;
			attributes = {
				LastSwiftUpdateCheck = 1210;
				LastUpgradeCheck = 1210;
				TargetAttributes = {
					1CAFFEA8254FF1400010DC34 = {
						CreatedOnToolsVersion = 12.1;
					};
					1CAFFEBE254FF1430010DC34 = {
						CreatedOnToolsVersion = 12.1;
						TestTargetID = 1CAFFEA8254FF1400010DC34;
					};
					1CAFFEC9254FF1430010DC34 = {
						CreatedOnToolsVersion = 12.1;
						TestTargetID = 1CAFFEA8254FF1400010DC34;
					};
				};
			};
			buildConfigurationList = 1CAFFEA4254FF1400010DC34 /* Build configuration list for PBXProject "DiceRoller" */;
			compatibilityVersion = "Xcode 9.3";
			developmentRegion = en;
			hasScannedForEncodings = 0;
			knownRegions = (
				en,
				Base,
			);
			mainGroup = 1CAFFEA0254FF1400010DC34;
			productRefGroup = 1CAFFEAA254FF1400010DC34 /* Products */;
			projectDirPath = "";
			projectRoot = "";
			targets = (
				1CAFFEA8254FF1400010DC34 /* DiceRoller */,
				1CAFFEBE254FF1430010DC34 /* DiceRollerTests */,
				1CAFFEC9254FF1430010DC34 /* DiceRollerUITests */,
			);
		};
/* End PBXProject section */

/* Begin PBXResourcesBuildPhase section */
		1CAFFEA7254FF1400010DC34 /* Resources */ = {
			isa = PBXResourcesBuildPhase;
			buildActionMask = 2147483647;
			files = (
				1CAFFEB9254FF1430010DC34 /* LaunchScreen.storyboard in Resources */,
				1CAFFEE42550B0280010DC34 /* rolldice.mp3 in Resources */,
				1CAFFEE62550B0280010DC34 /* zfanfare.mp3 in Resources */,
				1CAFFEE32550B0280010DC34 /* failwah.mp3 in Resources */,
				1CAFFEB6254FF1430010DC34 /* Assets.xcassets in Resources */,
				1CAFFEE52550B0280010DC34 /* torpedo.mp3 in Resources */,
				1CAFFEB4254FF1400010DC34 /* Main.storyboard in Resources */,
			);
			runOnlyForDeploymentPostprocessing = 0;
		};
		1CAFFEBD254FF1430010DC34 /* Resources */ = {
			isa = PBXResourcesBuildPhase;
			buildActionMask = 2147483647;
			files = (
			);
			runOnlyForDeploymentPostprocessing = 0;
		};
		1CAFFEC8254FF1430010DC34 /* Resources */ = {
			isa = PBXResourcesBuildPhase;
			buildActionMask = 2147483647;
			files = (
			);
			runOnlyForDeploymentPostprocessing = 0;
		};
/* End PBXResourcesBuildPhase section */

/* Begin PBXSourcesBuildPhase section */
		1CAFFEA5254FF1400010DC34 /* Sources */ = {
			isa = PBXSourcesBuildPhase;
			buildActionMask = 2147483647;
			files = (
				1CAFFEB1254FF1400010DC34 /* ViewController.swift in Sources */,
				1CAFFEAD254FF1400010DC34 /* AppDelegate.swift in Sources */,
				1CAFFEAF254FF1400010DC34 /* SceneDelegate.swift in Sources */,
			);
			runOnlyForDeploymentPostprocessing = 0;
		};
		1CAFFEBB254FF1430010DC34 /* Sources */ = {
			isa = PBXSourcesBuildPhase;
			buildActionMask = 2147483647;
			files = (
				1CAFFEC4254FF1430010DC34 /* DiceRollerTests.swift in Sources */,
			);
			runOnlyForDeploymentPostprocessing = 0;
		};
		1CAFFEC6254FF1430010DC34 /* Sources */ = {
			isa = PBXSourcesBuildPhase;
			buildActionMask = 2147483647;
			files = (
				1CAFFECF254FF1430010DC34 /* DiceRollerUITests.swift in Sources */,
			);
			runOnlyForDeploymentPostprocessing = 0;
		};
/* End PBXSourcesBuildPhase section */

/* Begin PBXTargetDependency section */
		1CAFFEC1254FF1430010DC34 /* PBXTargetDependency */ = {
			isa = PBXTargetDependency;
			target = 1CAFFEA8254FF1400010DC34 /* DiceRoller */;
			targetProxy = 1CAFFEC0254FF1430010DC34 /* PBXContainerItemProxy */;
		};
		1CAFFECC254FF1430010DC34 /* PBXTargetDependency */ = {
			isa = PBXTargetDependency;
			target = 1CAFFEA8254FF1400010DC34 /* DiceRoller */;
			targetProxy = 1CAFFECB254FF1430010DC34 /* PBXContainerItemProxy */;
		};
/* End PBXTargetDependency section */

/* Begin PBXVariantGroup section */
		1CAFFEB2254FF1400010DC34 /* Main.storyboard */ = {
			isa = PBXVariantGroup;
			children = (
				1CAFFEB3254FF1400010DC34 /* Base */,
			);
			name = Main.storyboard;
			sourceTree = "<group>";
		};
		1CAFFEB7254FF1430010DC34 /* LaunchScreen.storyboard */ = {
			isa = PBXVariantGroup;
			children = (
				1CAFFEB8254FF1430010DC34 /* Base */,
			);
			name = LaunchScreen.storyboard;
			sourceTree = "<group>";
		};
/* End PBXVariantGroup section */

/* Begin XCBuildConfiguration section */
		1CAFFED1254FF1430010DC34 /* Debug */ = {
			isa = XCBuildConfiguration;
			buildSettings = {
				ALWAYS_SEARCH_USER_PATHS = NO;
				CLANG_ANALYZER_NONNULL = YES;
				CLANG_ANALYZER_NUMBER_OBJECT_CONVERSION = YES_AGGRESSIVE;
				CLANG_CXX_LANGUAGE_STANDARD = "gnu++14";
				CLANG_CXX_LIBRARY = "libc++";
				CLANG_ENABLE_MODULES = YES;
				CLANG_ENABLE_OBJC_ARC = YES;
				CLANG_ENABLE_OBJC_WEAK = YES;
				CLANG_WARN_BLOCK_CAPTURE_AUTORELEASING = YES;
				CLANG_WARN_BOOL_CONVERSION = YES;
				CLANG_WARN_COMMA = YES;
				CLANG_WARN_CONSTANT_CONVERSION = YES;
				CLANG_WARN_DEPRECATED_OBJC_IMPLEMENTATIONS = YES;
				CLANG_WARN_DIRECT_OBJC_ISA_USAGE = YES_ERROR;
				CLANG_WARN_DOCUMENTATION_COMMENTS = YES;
				CLANG_WARN_EMPTY_BODY = YES;
				CLANG_WARN_ENUM_CONVERSION = YES;
				CLANG_WARN_INFINITE_RECURSION = YES;
				CLANG_WARN_INT_CONVERSION = YES;
				CLANG_WARN_NON_LITERAL_NULL_CONVERSION = YES;
				CLANG_WARN_OBJC_IMPLICIT_RETAIN_SELF = YES;
				CLANG_WARN_OBJC_LITERAL_CONVERSION = YES;
				CLANG_WARN_OBJC_ROOT_CLASS = YES_ERROR;
				CLANG_WARN_QUOTED_INCLUDE_IN_FRAMEWORK_HEADER = YES;
				CLANG_WARN_RANGE_LOOP_ANALYSIS = YES;
				CLANG_WARN_STRICT_PROTOTYPES = YES;
				CLANG_WARN_SUSPICIOUS_MOVE = YES;
				CLANG_WARN_UNGUARDED_AVAILABILITY = YES_AGGRESSIVE;
				CLANG_WARN_UNREACHABLE_CODE = YES;
				CLANG_WARN__DUPLICATE_METHOD_MATCH = YES;
				COPY_PHASE_STRIP = NO;
				DEBUG_INFORMATION_FORMAT = dwarf;
				ENABLE_STRICT_OBJC_MSGSEND = YES;
				ENABLE_TESTABILITY = YES;
				GCC_C_LANGUAGE_STANDARD = gnu11;
				GCC_DYNAMIC_NO_PIC = NO;
				GCC_NO_COMMON_BLOCKS = YES;
				GCC_OPTIMIZATION_LEVEL = 0;
				GCC_PREPROCESSOR_DEFINITIONS = (
					"DEBUG=1",
					"$(inherited)",
				);
				GCC_WARN_64_TO_32_BIT_CONVERSION = YES;
				GCC_WARN_ABOUT_RETURN_TYPE = YES_ERROR;
				GCC_WARN_UNDECLARED_SELECTOR = YES;
				GCC_WARN_UNINITIALIZED_AUTOS = YES_AGGRESSIVE;
				GCC_WARN_UNUSED_FUNCTION = YES;
				GCC_WARN_UNUSED_VARIABLE = YES;
				IPHONEOS_DEPLOYMENT_TARGET = 14.1;
				MTL_ENABLE_DEBUG_INFO = INCLUDE_SOURCE;
				MTL_FAST_MATH = YES;
				ONLY_ACTIVE_ARCH = YES;
				SDKROOT = iphoneos;
				SWIFT_ACTIVE_COMPILATION_CONDITIONS = DEBUG;
				SWIFT_OPTIMIZATION_LEVEL = "-Onone";
			};
			name = Debug;
		};
		1CAFFED2254FF1430010DC34 /* Release */ = {
			isa = XCBuildConfiguration;
			buildSettings = {
				ALWAYS_SEARCH_USER_PATHS = NO;
				CLANG_ANALYZER_NONNULL = YES;
				CLANG_ANALYZER_NUMBER_OBJECT_CONVERSION = YES_AGGRESSIVE;
				CLANG_CXX_LANGUAGE_STANDARD = "gnu++14";
				CLANG_CXX_LIBRARY = "libc++";
				CLANG_ENABLE_MODULES = YES;
				CLANG_ENABLE_OBJC_ARC = YES;
				CLANG_ENABLE_OBJC_WEAK = YES;
				CLANG_WARN_BLOCK_CAPTURE_AUTORELEASING = YES;
				CLANG_WARN_BOOL_CONVERSION = YES;
				CLANG_WARN_COMMA = YES;
				CLANG_WARN_CONSTANT_CONVERSION = YES;
				CLANG_WARN_DEPRECATED_OBJC_IMPLEMENTATIONS = YES;
				CLANG_WARN_DIRECT_OBJC_ISA_USAGE = YES_ERROR;
				CLANG_WARN_DOCUMENTATION_COMMENTS = YES;
				CLANG_WARN_EMPTY_BODY = YES;
				CLANG_WARN_ENUM_CONVERSION = YES;
				CLANG_WARN_INFINITE_RECURSION = YES;
				CLANG_WARN_INT_CONVERSION = YES;
				CLANG_WARN_NON_LITERAL_NULL_CONVERSION = YES;
				CLANG_WARN_OBJC_IMPLICIT_RETAIN_SELF = YES;
				CLANG_WARN_OBJC_LITERAL_CONVERSION = YES;
				CLANG_WARN_OBJC_ROOT_CLASS = YES_ERROR;
				CLANG_WARN_QUOTED_INCLUDE_IN_FRAMEWORK_HEADER = YES;
				CLANG_WARN_RANGE_LOOP_ANALYSIS = YES;
				CLANG_WARN_STRICT_PROTOTYPES = YES;
				CLANG_WARN_SUSPICIOUS_MOVE = YES;
				CLANG_WARN_UNGUARDED_AVAILABILITY = YES_AGGRESSIVE;
				CLANG_WARN_UNREACHABLE_CODE = YES;
				CLANG_WARN__DUPLICATE_METHOD_MATCH = YES;
				COPY_PHASE_STRIP = NO;
				DEBUG_INFORMATION_FORMAT = "dwarf-with-dsym";
				ENABLE_NS_ASSERTIONS = NO;
				ENABLE_STRICT_OBJC_MSGSEND = YES;
				GCC_C_LANGUAGE_STANDARD = gnu11;
				GCC_NO_COMMON_BLOCKS = YES;
				GCC_WARN_64_TO_32_BIT_CONVERSION = YES;
				GCC_WARN_ABOUT_RETURN_TYPE = YES_ERROR;
				GCC_WARN_UNDECLARED_SELECTOR = YES;
				GCC_WARN_UNINITIALIZED_AUTOS = YES_AGGRESSIVE;
				GCC_WARN_UNUSED_FUNCTION = YES;
				GCC_WARN_UNUSED_VARIABLE = YES;
				IPHONEOS_DEPLOYMENT_TARGET = 14.1;
				MTL_ENABLE_DEBUG_INFO = NO;
				MTL_FAST_MATH = YES;
				SDKROOT = iphoneos;
				SWIFT_COMPILATION_MODE = wholemodule;
				SWIFT_OPTIMIZATION_LEVEL = "-O";
				VALIDATE_PRODUCT = YES;
			};
			name = Release;
		};
		1CAFFED4254FF1430010DC34 /* Debug */ = {
			isa = XCBuildConfiguration;
			buildSettings = {
				ASSETCATALOG_COMPILER_APPICON_NAME = AppIcon;
				ASSETCATALOG_COMPILER_GLOBAL_ACCENT_COLOR_NAME = AccentColor;
				CODE_SIGN_STYLE = Automatic;
				INFOPLIST_FILE = DiceRoller/Info.plist;
				LD_RUNPATH_SEARCH_PATHS = (
					"$(inherited)",
					"@executable_path/Frameworks",
				);
				PRODUCT_BUNDLE_IDENTIFIER = fisher.coding.inc.DiceRoller;
				PRODUCT_NAME = "$(TARGET_NAME)";
				SWIFT_VERSION = 5.0;
				TARGETED_DEVICE_FAMILY = "1,2";
			};
			name = Debug;
		};
		1CAFFED5254FF1430010DC34 /* Release */ = {
			isa = XCBuildConfiguration;
			buildSettings = {
				ASSETCATALOG_COMPILER_APPICON_NAME = AppIcon;
				ASSETCATALOG_COMPILER_GLOBAL_ACCENT_COLOR_NAME = AccentColor;
				CODE_SIGN_STYLE = Automatic;
				INFOPLIST_FILE = DiceRoller/Info.plist;
				LD_RUNPATH_SEARCH_PATHS = (
					"$(inherited)",
					"@executable_path/Frameworks",
				);
				PRODUCT_BUNDLE_IDENTIFIER = fisher.coding.inc.DiceRoller;
				PRODUCT_NAME = "$(TARGET_NAME)";
				SWIFT_VERSION = 5.0;
				TARGETED_DEVICE_FAMILY = "1,2";
			};
			name = Release;
		};
		1CAFFED7254FF1430010DC34 /* Debug */ = {
			isa = XCBuildConfiguration;
			buildSettings = {
				ALWAYS_EMBED_SWIFT_STANDARD_LIBRARIES = YES;
				BUNDLE_LOADER = "$(TEST_HOST)";
				CODE_SIGN_STYLE = Automatic;
				INFOPLIST_FILE = DiceRollerTests/Info.plist;
				IPHONEOS_DEPLOYMENT_TARGET = 14.1;
				LD_RUNPATH_SEARCH_PATHS = (
					"$(inherited)",
					"@executable_path/Frameworks",
					"@loader_path/Frameworks",
				);
				PRODUCT_BUNDLE_IDENTIFIER = fisher.coding.inc.DiceRollerTests;
				PRODUCT_NAME = "$(TARGET_NAME)";
				SWIFT_VERSION = 5.0;
				TARGETED_DEVICE_FAMILY = "1,2";
				TEST_HOST = "$(BUILT_PRODUCTS_DIR)/DiceRoller.app/DiceRoller";
			};
			name = Debug;
		};
		1CAFFED8254FF1430010DC34 /* Release */ = {
			isa = XCBuildConfiguration;
			buildSettings = {
				ALWAYS_EMBED_SWIFT_STANDARD_LIBRARIES = YES;
				BUNDLE_LOADER = "$(TEST_HOST)";
				CODE_SIGN_STYLE = Automatic;
				INFOPLIST_FILE = DiceRollerTests/Info.plist;
				IPHONEOS_DEPLOYMENT_TARGET = 14.1;
				LD_RUNPATH_SEARCH_PATHS = (
					"$(inherited)",
					"@executable_path/Frameworks",
					"@loader_path/Frameworks",
				);
				PRODUCT_BUNDLE_IDENTIFIER = fisher.coding.inc.DiceRollerTests;
				PRODUCT_NAME = "$(TARGET_NAME)";
				SWIFT_VERSION = 5.0;
				TARGETED_DEVICE_FAMILY = "1,2";
				TEST_HOST = "$(BUILT_PRODUCTS_DIR)/DiceRoller.app/DiceRoller";
			};
			name = Release;
		};
		1CAFFEDA254FF1430010DC34 /* Debug */ = {
			isa = XCBuildConfiguration;
			buildSettings = {
				ALWAYS_EMBED_SWIFT_STANDARD_LIBRARIES = YES;
				CODE_SIGN_STYLE = Automatic;
				INFOPLIST_FILE = DiceRollerUITests/Info.plist;
				LD_RUNPATH_SEARCH_PATHS = (
					"$(inherited)",
					"@executable_path/Frameworks",
					"@loader_path/Frameworks",
				);
				PRODUCT_BUNDLE_IDENTIFIER = fisher.coding.inc.DiceRollerUITests;
				PRODUCT_NAME = "$(TARGET_NAME)";
				SWIFT_VERSION = 5.0;
				TARGETED_DEVICE_FAMILY = "1,2";
				TEST_TARGET_NAME = DiceRoller;
			};
			name = Debug;
		};
		1CAFFEDB254FF1430010DC34 /* Release */ = {
			isa = XCBuildConfiguration;
			buildSettings = {
				ALWAYS_EMBED_SWIFT_STANDARD_LIBRARIES = YES;
				CODE_SIGN_STYLE = Automatic;
				INFOPLIST_FILE = DiceRollerUITests/Info.plist;
				LD_RUNPATH_SEARCH_PATHS = (
					"$(inherited)",
					"@executable_path/Frameworks",
					"@loader_path/Frameworks",
				);
				PRODUCT_BUNDLE_IDENTIFIER = fisher.coding.inc.DiceRollerUITests;
				PRODUCT_NAME = "$(TARGET_NAME)";
				SWIFT_VERSION = 5.0;
				TARGETED_DEVICE_FAMILY = "1,2";
				TEST_TARGET_NAME = DiceRoller;
			};
			name = Release;
		};
/* End XCBuildConfiguration section */

/* Begin XCConfigurationList section */
		1CAFFEA4254FF1400010DC34 /* Build configuration list for PBXProject "DiceRoller" */ = {
			isa = XCConfigurationList;
			buildConfigurations = (
				1CAFFED1254FF1430010DC34 /* Debug */,
				1CAFFED2254FF1430010DC34 /* Release */,
			);
			defaultConfigurationIsVisible = 0;
			defaultConfigurationName = Release;
		};
		1CAFFED3254FF1430010DC34 /* Build configuration list for PBXNativeTarget "DiceRoller" */ = {
			isa = XCConfigurationList;
			buildConfigurations = (
				1CAFFED4254FF1430010DC34 /* Debug */,
				1CAFFED5254FF1430010DC34 /* Release */,
			);
			defaultConfigurationIsVisible = 0;
			defaultConfigurationName = Release;
		};
		1CAFFED6254FF1430010DC34 /* Build configuration list for PBXNativeTarget "DiceRollerTests" */ = {
			isa = XCConfigurationList;
			buildConfigurations = (
				1CAFFED7254FF1430010DC34 /* Debug */,
				1CAFFED8254FF1430010DC34 /* Release */,
			);
			defaultConfigurationIsVisible = 0;
			defaultConfigurationName = Release;
		};
		1CAFFED9254FF1430010DC34 /* Build configuration list for PBXNativeTarget "DiceRollerUITests" */ = {
			isa = XCConfigurationList;
			buildConfigurations = (
				1CAFFEDA254FF1430010DC34 /* Debug */,
				1CAFFEDB254FF1430010DC34 /* Release */,
			);
			defaultConfigurationIsVisible = 0;
			defaultConfigurationName = Release;
		};
/* End XCConfigurationList section */
	};
	rootObject = 1CAFFEA1254FF1400010DC34 /* Project object */;
}
